
Microsoft Visual Studio Solution File, Format Version 12.00
# Visual Studio 15
VisualStudioVersion = 15.0.27703.2026
MinimumVisualStudioVersion = 10.0.40219.1
Project("{FAE04EC0-301F-11D3-BF4B-00C04F79EFBC}") = "GeoConnect", "GeoConnect\GeoConnect.csproj", "{7F642D6F-238D-4540-B0C6-847F36678F42}"
EndProject
Project("{FAE04EC0-301F-11D3-BF4B-00C04F79EFBC}") = "GeoAngular", "GeoAngular\GeoAngular.csproj", "{3F8239E7-9146-454D-BB77-E65B2722D74B}"
EndProject
Global
	GlobalSection(SolutionConfigurationPlatforms) = preSolution
		Debug|Any CPU = Debug|Any CPU
		Release|Any CPU = Release|Any CPU
	EndGlobalSection
	GlobalSection(ProjectConfigurationPlatforms) = postSolution
		{7F642D6F-238D-4540-B0C6-847F36678F42}.Debug|Any CPU.ActiveCfg = Debug|Any CPU
		{7F642D6F-238D-4540-B0C6-847F36678F42}.Debug|Any CPU.Build.0 = Debug|Any CPU
		{7F642D6F-238D-4540-B0C6-847F36678F42}.Release|Any CPU.ActiveCfg = Release|Any CPU
		{7F642D6F-238D-4540-B0C6-847F36678F42}.Release|Any CPU.Build.0 = Release|Any CPU
		{3F8239E7-9146-454D-BB77-E65B2722D74B}.Debug|Any CPU.ActiveCfg = Debug|Any CPU
		{3F8239E7-9146-454D-BB77-E65B2722D74B}.Debug|Any CPU.Build.0 = Debug|Any CPU
		{3F8239E7-9146-454D-BB77-E65B2722D74B}.Release|Any CPU.ActiveCfg = Release|Any CPU
		{3F8239E7-9146-454D-BB77-E65B2722D74B}.Release|Any CPU.Build.0 = Release|Any CPU
	EndGlobalSection
	GlobalSection(SolutionProperties) = preSolution
		HideSolutionNode = FALSE
	EndGlobalSection
	GlobalSection(ExtensibilityGlobals) = postSolution
		SolutionGuid = {037BF04C-1B99-4694-8A13-26D28A41A663}
	EndGlobalSection
EndGlobal
